# This file is automatically @generated by Cargo.
# It is not intended for manual editing.
version = 3

[[package]]
name = "bit_field"
version = "0.10.2"
source = "registry+https://github.com/rust-lang/crates.io-index"
checksum = "dc827186963e592360843fb5ba4b973e145841266c1357f7180c43526f2e5b61"

[[package]]
name = "limine"
version = "0.1.10"
source = "registry+https://github.com/rust-lang/crates.io-index"
checksum = "5e9d0c951056ac044f0e6b09448b9d702f8fb1001db89cffd2bc467bd1c25307"

[[package]]
name = "nasm-rs"
version = "0.2.4"
source = "registry+https://github.com/rust-lang/crates.io-index"
checksum = "ce095842aee9aa3ecbda7a5d2a4df680375fd128a8596b6b56f8e497e231f483"

[[package]]
name = "nmk_archs"
version = "0.1.0"
dependencies = [
 "bit_field",
 "nasm-rs",
 "nmk_drivers",
 "nmk_utils",
]

[[package]]
name = "nmk_drivers"
version = "0.1.0"
dependencies = [
 "nmk_utils",
]

[[package]]
name = "nmk_status"
version = "0.1.0"
dependencies = [
 "nmk_drivers",
]

[[package]]
name = "nmk_utils"
version = "0.1.0"

[[package]]
name = "nonamekernel"
version = "0.1.0"
dependencies = [
 "limine",
 "nasm-rs",
 "nmk_archs",
 "nmk_drivers",
 "nmk_status",
]
